
Microsoft Visual Studio Solution File, Format Version 12.00
# Visual Studio 2012
Project("{FAE04EC0-301F-11D3-BF4B-00C04F79EFBC}") = "AppPlatform.UI", "AppPlatform.UI\AppPlatform.UI.csproj", "{0116899C-795F-4A94-8AF4-29D3B5E79537}"
EndProject
Project("{FAE04EC0-301F-11D3-BF4B-00C04F79EFBC}") = "AppPlatform.Model", "AppPlatform.Model\AppPlatform.Model.csproj", "{E23410D3-3039-4828-BA44-7E3658284812}"
EndProject
Project("{FAE04EC0-301F-11D3-BF4B-00C04F79EFBC}") = "AppPlatform.DAL", "AppPlatform.DAL\AppPlatform.DAL.csproj", "{CD97F16B-08C6-41BA-8AC1-377FBC4AC59D}"
EndProject
Project("{2150E333-8FDC-42A3-9474-1A3956D46DE8}") = "业务逻辑层", "业务逻辑层", "{AFCAFBA7-CDDA-4EAD-9335-8893E57FC9B3}"
EndProject
Project("{2150E333-8FDC-42A3-9474-1A3956D46DE8}") = "数据访问层", "数据访问层", "{129FE411-7332-4B59-9C2F-1648533948F6}"
EndProject
Project("{2150E333-8FDC-42A3-9474-1A3956D46DE8}") = "用户注册登录", "用户注册登录", "{99B0FBDB-E1C7-4F85-B0F8-FBC1C91C00E1}"
EndProject
Project("{FAE04EC0-301F-11D3-BF4B-00C04F79EFBC}") = "AppPlatform.UserRegister.BLL", "AppPlatform.UserRegister.BLL\AppPlatform.UserRegister.BLL.csproj", "{2F37CF57-7F26-4453-B3C2-CA79029B5DA5}"
EndProject
Project("{FAE04EC0-301F-11D3-BF4B-00C04F79EFBC}") = "AppPlatform.UserLogin.BLL", "AppPlatform.UserLogin.BLL\AppPlatform.UserLogin.BLL.csproj", "{13BC9C86-32A8-483E-B39B-9848DCD60E81}"
EndProject
Project("{2150E333-8FDC-42A3-9474-1A3956D46DE8}") = "用户管理", "用户管理", "{E3A47B1C-505C-4F18-A307-0C86EDD18178}"
EndProject
Project("{2150E333-8FDC-42A3-9474-1A3956D46DE8}") = "应用管理", "应用管理", "{AE354B18-FD20-4B3F-B18C-0ADA3E843A75}"
EndProject
Project("{2150E333-8FDC-42A3-9474-1A3956D46DE8}") = "MVC插件框架", "MVC插件框架", "{B98242CE-713F-4D49-ABFA-62493A726D6B}"
EndProject
Project("{FAE04EC0-301F-11D3-BF4B-00C04F79EFBC}") = "UIShell.OSGi.MvcCore", "MvcOSGi.Core\UIShell.OSGi.MvcCore.csproj", "{4210C426-96A9-47B5-833D-8801B724F313}"
EndProject
Project("{FAE04EC0-301F-11D3-BF4B-00C04F79EFBC}") = "UIShell.Extension", "MVCOSGI.Extension\UIShell.Extension.csproj", "{F1095571-0171-4D03-9BDD-2DB962A981E4}"
EndProject
Project("{2150E333-8FDC-42A3-9474-1A3956D46DE8}") = "Plugins", "Plugins", "{E349EB13-3A32-4A16-8403-7F8B424A8615}"
EndProject
Project("{FAE04EC0-301F-11D3-BF4B-00C04F79EFBC}") = "UIShell.IoCPlugin", "AppPlatform.UI\Plugins\UIShell.IoCPlugin\UIShell.IoCPlugin.csproj", "{BFA82920-CA91-4FD8-A03B-26F6C9CF6F30}"
EndProject
Project("{FAE04EC0-301F-11D3-BF4B-00C04F79EFBC}") = "AppPlatform.AppOrderService.BLL", "AppPlatform.UI\Plugins\AppPlatform.AppOrderService.BLL\AppPlatform.AppOrderService.BLL.csproj", "{25145E33-FE91-4508-B7CB-C6A06C3024CF}"
EndProject
Project("{FAE04EC0-301F-11D3-BF4B-00C04F79EFBC}") = "AppPlatform.AppInfoService.BLL", "AppPlatform.UI\Plugins\AppPlatform.AppInfoService.BLL\AppPlatform.AppInfoService.BLL.csproj", "{5E950778-728E-4BB3-8EEB-7C5E6A8D0FF7}"
EndProject
Project("{FAE04EC0-301F-11D3-BF4B-00C04F79EFBC}") = "AppPlatform.AppReleaseService.BLL", "AppPlatform.UI\Plugins\AppPlatform.AppReleaseService.BLL\AppPlatform.AppReleaseService.BLL.csproj", "{B9494585-3C34-429C-85D9-6B59D6DC2BC6}"
EndProject
Project("{FAE04EC0-301F-11D3-BF4B-00C04F79EFBC}") = "AppPlatform.AppStoreService.BLL", "AppPlatform.UI\Plugins\AppPlatform.AppStoreService.BLL\AppPlatform.AppStoreService.BLL.csproj", "{812F08C9-9043-424B-AD28-DF62A39656DC}"
EndProject
Project("{2150E333-8FDC-42A3-9474-1A3956D46DE8}") = "日志管理", "日志管理", "{DC0B9BF4-B1E8-48F8-84C1-5B58B73AB40D}"
EndProject
Project("{FAE04EC0-301F-11D3-BF4B-00C04F79EFBC}") = "AppPlatform.LogService.BLL", "AppPlatform.UI\Plugins\AppPlatform.LogService.BLL\AppPlatform.LogService.BLL.csproj", "{5B866676-9F9D-4531-A071-2CF3884DBF61}"
EndProject
Project("{FAE04EC0-301F-11D3-BF4B-00C04F79EFBC}") = "AppPlatForm.EnterpriseOrganService.BLL", "AppPlatform.UI\Plugins\AppPlatForm.EnterpriseOrganService.BLL\AppPlatForm.EnterpriseOrganService.BLL.csproj", "{8584403E-EBDC-4ACA-943E-B954119ED6FA}"
EndProject
Project("{FAE04EC0-301F-11D3-BF4B-00C04F79EFBC}") = "AppPlatform.UserAccountService.BLL", "AppPlatform.UI\Plugins\AppPlatform.UserAccountService.BLL\AppPlatform.UserAccountService.BLL.csproj", "{D5B0674F-9DB2-472E-A167-74DE9E8DE0F5}"
EndProject
Project("{FAE04EC0-301F-11D3-BF4B-00C04F79EFBC}") = "AppPlatform.UserInfoService.BLL", "AppPlatform.UI\Plugins\AppPlatform.UserInformationService.BLL\AppPlatform.UserInfoService.BLL.csproj", "{7ED0CF8D-7D3B-405C-BA9C-CBA031C82DBA}"
EndProject
Project("{FAE04EC0-301F-11D3-BF4B-00C04F79EFBC}") = "AppPlatform.UserRoleService.BLL", "AppPlatform.UI\Plugins\AppPlatform.UserRoleService.BLL\AppPlatform.UserRoleService.BLL.csproj", "{5E6C9621-111E-48C5-8A5A-1FC719551054}"
EndProject
Project("{FAE04EC0-301F-11D3-BF4B-00C04F79EFBC}") = "LogManagerPlugin", "AppPlatform.UI\Plugins\LogManagerPlugin\LogManagerPlugin.csproj", "{001FC3DB-7C13-496A-86ED-B44FBA388C97}"
EndProject
Project("{FAE04EC0-301F-11D3-BF4B-00C04F79EFBC}") = "AppManagerPlugin", "AppPlatform.UI\Plugins\AppManagerPlugin\AppManagerPlugin.csproj", "{9F5ACBD1-4596-4854-8F3C-1FACFE8F95D9}"
EndProject
Project("{FAE04EC0-301F-11D3-BF4B-00C04F79EFBC}") = "UserManagerPlugin", "AppPlatform.UI\Plugins\UserManagerPlugin\UserManagerPlugin.csproj", "{7CECFB30-20B7-4E5D-B01E-9FA59FAFD927}"
EndProject
Project("{2150E333-8FDC-42A3-9474-1A3956D46DE8}") = "企业管理", "企业管理", "{A2A75059-51F6-4EC4-820D-B9828B789587}"
EndProject
Project("{2150E333-8FDC-42A3-9474-1A3956D46DE8}") = "角色管理", "角色管理", "{3B8615BD-787F-470D-BD78-0680730256B8}"
EndProject
Project("{FAE04EC0-301F-11D3-BF4B-00C04F79EFBC}") = "AppPlatform.GroupService.BLL", "AppPlatform.UI\Plugins\AppPlatform.GroupService.BLL\AppPlatform.GroupService.BLL.csproj", "{18BD1631-3415-45B1-B97A-99759E5B676B}"
EndProject
Project("{FAE04EC0-301F-11D3-BF4B-00C04F79EFBC}") = "AppPlatform.RoleService.BLL", "AppPlatform.UI\Plugins\AppPlatform.RoleService.BLL\AppPlatform.RoleService.BLL.csproj", "{EC49E07D-15C4-45D0-9EB9-BD351602B4C1}"
EndProject
Project("{FAE04EC0-301F-11D3-BF4B-00C04F79EFBC}") = "AppPlatform.GroupPermissionService.BLL", "AppPlatform.UI\Plugins\AppPlatform.GroupPermissionService.BLL\AppPlatform.GroupPermissionService.BLL.csproj", "{3A4D6871-6907-4CAF-9DC5-E23AD92AD581}"
EndProject
Project("{FAE04EC0-301F-11D3-BF4B-00C04F79EFBC}") = "AppPlatform.RolePermissionService.BLL", "AppPlatform.UI\Plugins\AppPlatform.RolePermissionService.BLL\AppPlatform.RolePermissionService.BLL.csproj", "{2ECB27B9-7C0A-4FB5-99FB-A78F958F44AE}"
EndProject
Project("{FAE04EC0-301F-11D3-BF4B-00C04F79EFBC}") = "AppPlatform.EnterpriseInfoService.BLL", "AppPlatform.UI\Plugins\AppPlatform.EnterpriseInfoService.BLL\AppPlatform.EnterpriseInfoService.BLL.csproj", "{54B7C828-D29B-4BC1-9FAE-9F4269BFD608}"
EndProject
Project("{FAE04EC0-301F-11D3-BF4B-00C04F79EFBC}") = "AppPlatform.EnterpriseClassService.BLL", "AppPlatform.UI\Plugins\AppPlatform.EnterpriseClassService.BLL\AppPlatform.EnterpriseClassService.BLL.csproj", "{806E7D16-E854-4585-8F3C-A283E02930A3}"
EndProject
Project("{FAE04EC0-301F-11D3-BF4B-00C04F79EFBC}") = "AppPlatform.EnterpriseMenuService.bll", "AppPlatform.UI\Plugins\AppPlatform.EnterpriseMenuService.bll\AppPlatform.EnterpriseMenuService.bll.csproj", "{FBD6A87D-F64A-47C2-BD9C-1B45CB00B3B5}"
EndProject
Project("{FAE04EC0-301F-11D3-BF4B-00C04F79EFBC}") = "RoleManagerPlugin", "AppPlatform.UI\Plugins\RoleManagerPlugin\RoleManagerPlugin.csproj", "{05BEDEA6-EC2B-4DB5-A8BB-107EE13D718F}"
EndProject
Project("{FAE04EC0-301F-11D3-BF4B-00C04F79EFBC}") = "EnterpriseManagerPlugin", "AppPlatform.UI\Plugins\EnterpriseManagerPlugin\EnterpriseManagerPlugin.csproj", "{456B3179-E70E-4121-A1D3-7B136DD84C61}"
EndProject
Global
	GlobalSection(SolutionConfigurationPlatforms) = preSolution
		Debug|Any CPU = Debug|Any CPU
		Release|Any CPU = Release|Any CPU
	EndGlobalSection
	GlobalSection(ProjectConfigurationPlatforms) = postSolution
		{0116899C-795F-4A94-8AF4-29D3B5E79537}.Debug|Any CPU.ActiveCfg = Debug|Any CPU
		{0116899C-795F-4A94-8AF4-29D3B5E79537}.Debug|Any CPU.Build.0 = Debug|Any CPU
		{0116899C-795F-4A94-8AF4-29D3B5E79537}.Release|Any CPU.ActiveCfg = Release|Any CPU
		{0116899C-795F-4A94-8AF4-29D3B5E79537}.Release|Any CPU.Build.0 = Release|Any CPU
		{E23410D3-3039-4828-BA44-7E3658284812}.Debug|Any CPU.ActiveCfg = Debug|Any CPU
		{E23410D3-3039-4828-BA44-7E3658284812}.Debug|Any CPU.Build.0 = Debug|Any CPU
		{E23410D3-3039-4828-BA44-7E3658284812}.Release|Any CPU.ActiveCfg = Release|Any CPU
		{E23410D3-3039-4828-BA44-7E3658284812}.Release|Any CPU.Build.0 = Release|Any CPU
		{CD97F16B-08C6-41BA-8AC1-377FBC4AC59D}.Debug|Any CPU.ActiveCfg = Debug|Any CPU
		{CD97F16B-08C6-41BA-8AC1-377FBC4AC59D}.Debug|Any CPU.Build.0 = Debug|Any CPU
		{CD97F16B-08C6-41BA-8AC1-377FBC4AC59D}.Release|Any CPU.ActiveCfg = Release|Any CPU
		{CD97F16B-08C6-41BA-8AC1-377FBC4AC59D}.Release|Any CPU.Build.0 = Release|Any CPU
		{2F37CF57-7F26-4453-B3C2-CA79029B5DA5}.Debug|Any CPU.ActiveCfg = Debug|Any CPU
		{2F37CF57-7F26-4453-B3C2-CA79029B5DA5}.Debug|Any CPU.Build.0 = Debug|Any CPU
		{2F37CF57-7F26-4453-B3C2-CA79029B5DA5}.Release|Any CPU.ActiveCfg = Release|Any CPU
		{2F37CF57-7F26-4453-B3C2-CA79029B5DA5}.Release|Any CPU.Build.0 = Release|Any CPU
		{13BC9C86-32A8-483E-B39B-9848DCD60E81}.Debug|Any CPU.ActiveCfg = Debug|Any CPU
		{13BC9C86-32A8-483E-B39B-9848DCD60E81}.Debug|Any CPU.Build.0 = Debug|Any CPU
		{13BC9C86-32A8-483E-B39B-9848DCD60E81}.Release|Any CPU.ActiveCfg = Release|Any CPU
		{13BC9C86-32A8-483E-B39B-9848DCD60E81}.Release|Any CPU.Build.0 = Release|Any CPU
		{4210C426-96A9-47B5-833D-8801B724F313}.Debug|Any CPU.ActiveCfg = Debug|Any CPU
		{4210C426-96A9-47B5-833D-8801B724F313}.Debug|Any CPU.Build.0 = Debug|Any CPU
		{4210C426-96A9-47B5-833D-8801B724F313}.Release|Any CPU.ActiveCfg = Release|Any CPU
		{4210C426-96A9-47B5-833D-8801B724F313}.Release|Any CPU.Build.0 = Release|Any CPU
		{F1095571-0171-4D03-9BDD-2DB962A981E4}.Debug|Any CPU.ActiveCfg = Debug|Any CPU
		{F1095571-0171-4D03-9BDD-2DB962A981E4}.Debug|Any CPU.Build.0 = Debug|Any CPU
		{F1095571-0171-4D03-9BDD-2DB962A981E4}.Release|Any CPU.ActiveCfg = Release|Any CPU
		{F1095571-0171-4D03-9BDD-2DB962A981E4}.Release|Any CPU.Build.0 = Release|Any CPU
		{BFA82920-CA91-4FD8-A03B-26F6C9CF6F30}.Debug|Any CPU.ActiveCfg = Debug|Any CPU
		{BFA82920-CA91-4FD8-A03B-26F6C9CF6F30}.Debug|Any CPU.Build.0 = Debug|Any CPU
		{BFA82920-CA91-4FD8-A03B-26F6C9CF6F30}.Release|Any CPU.ActiveCfg = Release|Any CPU
		{BFA82920-CA91-4FD8-A03B-26F6C9CF6F30}.Release|Any CPU.Build.0 = Release|Any CPU
		{25145E33-FE91-4508-B7CB-C6A06C3024CF}.Debug|Any CPU.ActiveCfg = Debug|Any CPU
		{25145E33-FE91-4508-B7CB-C6A06C3024CF}.Debug|Any CPU.Build.0 = Debug|Any CPU
		{25145E33-FE91-4508-B7CB-C6A06C3024CF}.Release|Any CPU.ActiveCfg = Release|Any CPU
		{25145E33-FE91-4508-B7CB-C6A06C3024CF}.Release|Any CPU.Build.0 = Release|Any CPU
		{5E950778-728E-4BB3-8EEB-7C5E6A8D0FF7}.Debug|Any CPU.ActiveCfg = Debug|Any CPU
		{5E950778-728E-4BB3-8EEB-7C5E6A8D0FF7}.Debug|Any CPU.Build.0 = Debug|Any CPU
		{5E950778-728E-4BB3-8EEB-7C5E6A8D0FF7}.Release|Any CPU.ActiveCfg = Release|Any CPU
		{5E950778-728E-4BB3-8EEB-7C5E6A8D0FF7}.Release|Any CPU.Build.0 = Release|Any CPU
		{B9494585-3C34-429C-85D9-6B59D6DC2BC6}.Debug|Any CPU.ActiveCfg = Debug|Any CPU
		{B9494585-3C34-429C-85D9-6B59D6DC2BC6}.Debug|Any CPU.Build.0 = Debug|Any CPU
		{B9494585-3C34-429C-85D9-6B59D6DC2BC6}.Release|Any CPU.ActiveCfg = Release|Any CPU
		{B9494585-3C34-429C-85D9-6B59D6DC2BC6}.Release|Any CPU.Build.0 = Release|Any CPU
		{812F08C9-9043-424B-AD28-DF62A39656DC}.Debug|Any CPU.ActiveCfg = Debug|Any CPU
		{812F08C9-9043-424B-AD28-DF62A39656DC}.Debug|Any CPU.Build.0 = Debug|Any CPU
		{812F08C9-9043-424B-AD28-DF62A39656DC}.Release|Any CPU.ActiveCfg = Release|Any CPU
		{812F08C9-9043-424B-AD28-DF62A39656DC}.Release|Any CPU.Build.0 = Release|Any CPU
		{5B866676-9F9D-4531-A071-2CF3884DBF61}.Debug|Any CPU.ActiveCfg = Debug|Any CPU
		{5B866676-9F9D-4531-A071-2CF3884DBF61}.Debug|Any CPU.Build.0 = Debug|Any CPU
		{5B866676-9F9D-4531-A071-2CF3884DBF61}.Release|Any CPU.ActiveCfg = Release|Any CPU
		{5B866676-9F9D-4531-A071-2CF3884DBF61}.Release|Any CPU.Build.0 = Release|Any CPU
		{8584403E-EBDC-4ACA-943E-B954119ED6FA}.Debug|Any CPU.ActiveCfg = Debug|Any CPU
		{8584403E-EBDC-4ACA-943E-B954119ED6FA}.Debug|Any CPU.Build.0 = Debug|Any CPU
		{8584403E-EBDC-4ACA-943E-B954119ED6FA}.Release|Any CPU.ActiveCfg = Release|Any CPU
		{8584403E-EBDC-4ACA-943E-B954119ED6FA}.Release|Any CPU.Build.0 = Release|Any CPU
		{D5B0674F-9DB2-472E-A167-74DE9E8DE0F5}.Debug|Any CPU.ActiveCfg = Debug|Any CPU
		{D5B0674F-9DB2-472E-A167-74DE9E8DE0F5}.Debug|Any CPU.Build.0 = Debug|Any CPU
		{D5B0674F-9DB2-472E-A167-74DE9E8DE0F5}.Release|Any CPU.ActiveCfg = Release|Any CPU
		{D5B0674F-9DB2-472E-A167-74DE9E8DE0F5}.Release|Any CPU.Build.0 = Release|Any CPU
		{7ED0CF8D-7D3B-405C-BA9C-CBA031C82DBA}.Debug|Any CPU.ActiveCfg = Debug|Any CPU
		{7ED0CF8D-7D3B-405C-BA9C-CBA031C82DBA}.Debug|Any CPU.Build.0 = Debug|Any CPU
		{7ED0CF8D-7D3B-405C-BA9C-CBA031C82DBA}.Release|Any CPU.ActiveCfg = Release|Any CPU
		{7ED0CF8D-7D3B-405C-BA9C-CBA031C82DBA}.Release|Any CPU.Build.0 = Release|Any CPU
		{5E6C9621-111E-48C5-8A5A-1FC719551054}.Debug|Any CPU.ActiveCfg = Debug|Any CPU
		{5E6C9621-111E-48C5-8A5A-1FC719551054}.Debug|Any CPU.Build.0 = Debug|Any CPU
		{5E6C9621-111E-48C5-8A5A-1FC719551054}.Release|Any CPU.ActiveCfg = Release|Any CPU
		{5E6C9621-111E-48C5-8A5A-1FC719551054}.Release|Any CPU.Build.0 = Release|Any CPU
		{001FC3DB-7C13-496A-86ED-B44FBA388C97}.Debug|Any CPU.ActiveCfg = Debug|Any CPU
		{001FC3DB-7C13-496A-86ED-B44FBA388C97}.Debug|Any CPU.Build.0 = Debug|Any CPU
		{001FC3DB-7C13-496A-86ED-B44FBA388C97}.Release|Any CPU.ActiveCfg = Release|Any CPU
		{001FC3DB-7C13-496A-86ED-B44FBA388C97}.Release|Any CPU.Build.0 = Release|Any CPU
		{9F5ACBD1-4596-4854-8F3C-1FACFE8F95D9}.Debug|Any CPU.ActiveCfg = Debug|Any CPU
		{9F5ACBD1-4596-4854-8F3C-1FACFE8F95D9}.Debug|Any CPU.Build.0 = Debug|Any CPU
		{9F5ACBD1-4596-4854-8F3C-1FACFE8F95D9}.Release|Any CPU.ActiveCfg = Release|Any CPU
		{9F5ACBD1-4596-4854-8F3C-1FACFE8F95D9}.Release|Any CPU.Build.0 = Release|Any CPU
		{7CECFB30-20B7-4E5D-B01E-9FA59FAFD927}.Debug|Any CPU.ActiveCfg = Debug|Any CPU
		{7CECFB30-20B7-4E5D-B01E-9FA59FAFD927}.Debug|Any CPU.Build.0 = Debug|Any CPU
		{7CECFB30-20B7-4E5D-B01E-9FA59FAFD927}.Release|Any CPU.ActiveCfg = Release|Any CPU
		{7CECFB30-20B7-4E5D-B01E-9FA59FAFD927}.Release|Any CPU.Build.0 = Release|Any CPU
		{18BD1631-3415-45B1-B97A-99759E5B676B}.Debug|Any CPU.ActiveCfg = Debug|Any CPU
		{18BD1631-3415-45B1-B97A-99759E5B676B}.Debug|Any CPU.Build.0 = Debug|Any CPU
		{18BD1631-3415-45B1-B97A-99759E5B676B}.Release|Any CPU.ActiveCfg = Release|Any CPU
		{18BD1631-3415-45B1-B97A-99759E5B676B}.Release|Any CPU.Build.0 = Release|Any CPU
		{EC49E07D-15C4-45D0-9EB9-BD351602B4C1}.Debug|Any CPU.ActiveCfg = Debug|Any CPU
		{EC49E07D-15C4-45D0-9EB9-BD351602B4C1}.Debug|Any CPU.Build.0 = Debug|Any CPU
		{EC49E07D-15C4-45D0-9EB9-BD351602B4C1}.Release|Any CPU.ActiveCfg = Release|Any CPU
		{EC49E07D-15C4-45D0-9EB9-BD351602B4C1}.Release|Any CPU.Build.0 = Release|Any CPU
		{3A4D6871-6907-4CAF-9DC5-E23AD92AD581}.Debug|Any CPU.ActiveCfg = Debug|Any CPU
		{3A4D6871-6907-4CAF-9DC5-E23AD92AD581}.Debug|Any CPU.Build.0 = Debug|Any CPU
		{3A4D6871-6907-4CAF-9DC5-E23AD92AD581}.Release|Any CPU.ActiveCfg = Release|Any CPU
		{3A4D6871-6907-4CAF-9DC5-E23AD92AD581}.Release|Any CPU.Build.0 = Release|Any CPU
		{2ECB27B9-7C0A-4FB5-99FB-A78F958F44AE}.Debug|Any CPU.ActiveCfg = Debug|Any CPU
		{2ECB27B9-7C0A-4FB5-99FB-A78F958F44AE}.Debug|Any CPU.Build.0 = Debug|Any CPU
		{2ECB27B9-7C0A-4FB5-99FB-A78F958F44AE}.Release|Any CPU.ActiveCfg = Release|Any CPU
		{2ECB27B9-7C0A-4FB5-99FB-A78F958F44AE}.Release|Any CPU.Build.0 = Release|Any CPU
		{54B7C828-D29B-4BC1-9FAE-9F4269BFD608}.Debug|Any CPU.ActiveCfg = Debug|Any CPU
		{54B7C828-D29B-4BC1-9FAE-9F4269BFD608}.Debug|Any CPU.Build.0 = Debug|Any CPU
		{54B7C828-D29B-4BC1-9FAE-9F4269BFD608}.Release|Any CPU.ActiveCfg = Release|Any CPU
		{54B7C828-D29B-4BC1-9FAE-9F4269BFD608}.Release|Any CPU.Build.0 = Release|Any CPU
		{806E7D16-E854-4585-8F3C-A283E02930A3}.Debug|Any CPU.ActiveCfg = Debug|Any CPU
		{806E7D16-E854-4585-8F3C-A283E02930A3}.Debug|Any CPU.Build.0 = Debug|Any CPU
		{806E7D16-E854-4585-8F3C-A283E02930A3}.Release|Any CPU.ActiveCfg = Release|Any CPU
		{806E7D16-E854-4585-8F3C-A283E02930A3}.Release|Any CPU.Build.0 = Release|Any CPU
		{FBD6A87D-F64A-47C2-BD9C-1B45CB00B3B5}.Debug|Any CPU.ActiveCfg = Debug|Any CPU
		{FBD6A87D-F64A-47C2-BD9C-1B45CB00B3B5}.Debug|Any CPU.Build.0 = Debug|Any CPU
		{FBD6A87D-F64A-47C2-BD9C-1B45CB00B3B5}.Release|Any CPU.ActiveCfg = Release|Any CPU
		{FBD6A87D-F64A-47C2-BD9C-1B45CB00B3B5}.Release|Any CPU.Build.0 = Release|Any CPU
		{05BEDEA6-EC2B-4DB5-A8BB-107EE13D718F}.Debug|Any CPU.ActiveCfg = Debug|Any CPU
		{05BEDEA6-EC2B-4DB5-A8BB-107EE13D718F}.Debug|Any CPU.Build.0 = Debug|Any CPU
		{05BEDEA6-EC2B-4DB5-A8BB-107EE13D718F}.Release|Any CPU.ActiveCfg = Release|Any CPU
		{05BEDEA6-EC2B-4DB5-A8BB-107EE13D718F}.Release|Any CPU.Build.0 = Release|Any CPU
		{456B3179-E70E-4121-A1D3-7B136DD84C61}.Debug|Any CPU.ActiveCfg = Debug|Any CPU
		{456B3179-E70E-4121-A1D3-7B136DD84C61}.Debug|Any CPU.Build.0 = Debug|Any CPU
		{456B3179-E70E-4121-A1D3-7B136DD84C61}.Release|Any CPU.ActiveCfg = Release|Any CPU
		{456B3179-E70E-4121-A1D3-7B136DD84C61}.Release|Any CPU.Build.0 = Release|Any CPU
	EndGlobalSection
	GlobalSection(SolutionProperties) = preSolution
		HideSolutionNode = FALSE
	EndGlobalSection
	GlobalSection(NestedProjects) = preSolution
		{CD97F16B-08C6-41BA-8AC1-377FBC4AC59D} = {129FE411-7332-4B59-9C2F-1648533948F6}
		{E23410D3-3039-4828-BA44-7E3658284812} = {129FE411-7332-4B59-9C2F-1648533948F6}
		{99B0FBDB-E1C7-4F85-B0F8-FBC1C91C00E1} = {AFCAFBA7-CDDA-4EAD-9335-8893E57FC9B3}
		{E3A47B1C-505C-4F18-A307-0C86EDD18178} = {AFCAFBA7-CDDA-4EAD-9335-8893E57FC9B3}
		{AE354B18-FD20-4B3F-B18C-0ADA3E843A75} = {AFCAFBA7-CDDA-4EAD-9335-8893E57FC9B3}
		{DC0B9BF4-B1E8-48F8-84C1-5B58B73AB40D} = {AFCAFBA7-CDDA-4EAD-9335-8893E57FC9B3}
		{A2A75059-51F6-4EC4-820D-B9828B789587} = {AFCAFBA7-CDDA-4EAD-9335-8893E57FC9B3}
		{3B8615BD-787F-470D-BD78-0680730256B8} = {AFCAFBA7-CDDA-4EAD-9335-8893E57FC9B3}
		{2F37CF57-7F26-4453-B3C2-CA79029B5DA5} = {99B0FBDB-E1C7-4F85-B0F8-FBC1C91C00E1}
		{13BC9C86-32A8-483E-B39B-9848DCD60E81} = {99B0FBDB-E1C7-4F85-B0F8-FBC1C91C00E1}
		{8584403E-EBDC-4ACA-943E-B954119ED6FA} = {E3A47B1C-505C-4F18-A307-0C86EDD18178}
		{D5B0674F-9DB2-472E-A167-74DE9E8DE0F5} = {E3A47B1C-505C-4F18-A307-0C86EDD18178}
		{7ED0CF8D-7D3B-405C-BA9C-CBA031C82DBA} = {E3A47B1C-505C-4F18-A307-0C86EDD18178}
		{5E6C9621-111E-48C5-8A5A-1FC719551054} = {E3A47B1C-505C-4F18-A307-0C86EDD18178}
		{25145E33-FE91-4508-B7CB-C6A06C3024CF} = {AE354B18-FD20-4B3F-B18C-0ADA3E843A75}
		{5E950778-728E-4BB3-8EEB-7C5E6A8D0FF7} = {AE354B18-FD20-4B3F-B18C-0ADA3E843A75}
		{B9494585-3C34-429C-85D9-6B59D6DC2BC6} = {AE354B18-FD20-4B3F-B18C-0ADA3E843A75}
		{812F08C9-9043-424B-AD28-DF62A39656DC} = {AE354B18-FD20-4B3F-B18C-0ADA3E843A75}
		{4210C426-96A9-47B5-833D-8801B724F313} = {B98242CE-713F-4D49-ABFA-62493A726D6B}
		{F1095571-0171-4D03-9BDD-2DB962A981E4} = {B98242CE-713F-4D49-ABFA-62493A726D6B}
		{BFA82920-CA91-4FD8-A03B-26F6C9CF6F30} = {E349EB13-3A32-4A16-8403-7F8B424A8615}
		{001FC3DB-7C13-496A-86ED-B44FBA388C97} = {E349EB13-3A32-4A16-8403-7F8B424A8615}
		{9F5ACBD1-4596-4854-8F3C-1FACFE8F95D9} = {E349EB13-3A32-4A16-8403-7F8B424A8615}
		{7CECFB30-20B7-4E5D-B01E-9FA59FAFD927} = {E349EB13-3A32-4A16-8403-7F8B424A8615}
		{05BEDEA6-EC2B-4DB5-A8BB-107EE13D718F} = {E349EB13-3A32-4A16-8403-7F8B424A8615}
		{456B3179-E70E-4121-A1D3-7B136DD84C61} = {E349EB13-3A32-4A16-8403-7F8B424A8615}
		{5B866676-9F9D-4531-A071-2CF3884DBF61} = {DC0B9BF4-B1E8-48F8-84C1-5B58B73AB40D}
		{54B7C828-D29B-4BC1-9FAE-9F4269BFD608} = {A2A75059-51F6-4EC4-820D-B9828B789587}
		{806E7D16-E854-4585-8F3C-A283E02930A3} = {A2A75059-51F6-4EC4-820D-B9828B789587}
		{FBD6A87D-F64A-47C2-BD9C-1B45CB00B3B5} = {A2A75059-51F6-4EC4-820D-B9828B789587}
		{18BD1631-3415-45B1-B97A-99759E5B676B} = {3B8615BD-787F-470D-BD78-0680730256B8}
		{EC49E07D-15C4-45D0-9EB9-BD351602B4C1} = {3B8615BD-787F-470D-BD78-0680730256B8}
		{3A4D6871-6907-4CAF-9DC5-E23AD92AD581} = {3B8615BD-787F-470D-BD78-0680730256B8}
		{2ECB27B9-7C0A-4FB5-99FB-A78F958F44AE} = {3B8615BD-787F-470D-BD78-0680730256B8}
	EndGlobalSection
EndGlobal
